// !$*UTF8*$!
{
	archiveVersion = 1;
	classes = {
	};
	objectVersion = 46;
	objects = {

/* Begin PBXBuildFile section */
		32072DCA1F6BFBB400026727 /* AppDelegate.swift in Sources */ = {isa = PBXBuildFile; fileRef = 32072DC91F6BFBB400026727 /* AppDelegate.swift */; };
		32072DCC1F6BFBB400026727 /* ViewController.swift in Sources */ = {isa = PBXBuildFile; fileRef = 32072DCB1F6BFBB400026727 /* ViewController.swift */; };
		32072DCF1F6BFBB500026727 /* Main.storyboard in Resources */ = {isa = PBXBuildFile; fileRef = 32072DCD1F6BFBB500026727 /* Main.storyboard */; };
		32072DD11F6BFBB500026727 /* Assets.xcassets in Resources */ = {isa = PBXBuildFile; fileRef = 32072DD01F6BFBB500026727 /* Assets.xcassets */; };
		32072DD41F6BFBB500026727 /* LaunchScreen.storyboard in Resources */ = {isa = PBXBuildFile; fileRef = 32072DD21F6BFBB500026727 /* LaunchScreen.storyboard */; };
		32072DDF1F6BFBB500026727 /* BarometerReadTests.swift in Sources */ = {isa = PBXBuildFile; fileRef = 32072DDE1F6BFBB500026727 /* BarometerReadTests.swift */; };
		32072DEA1F6BFBB500026727 /* BarometerReadUITests.swift in Sources */ = {isa = PBXBuildFile; fileRef = 32072DE91F6BFBB500026727 /* BarometerReadUITests.swift */; };
/* End PBXBuildFile section */

/* Begin PBXContainerItemProxy section */
		32072DDB1F6BFBB500026727 /* PBXContainerItemProxy */ = {
			isa = PBXContainerItemProxy;
			containerPortal = 32072DBE1F6BFBB400026727 /* Project object */;
			proxyType = 1;
			remoteGlobalIDString = 32072DC51F6BFBB400026727;
			remoteInfo = BarometerRead;
		};
		32072DE61F6BFBB500026727 /* PBXContainerItemProxy */ = {
			isa = PBXContainerItemProxy;
			containerPortal = 32072DBE1F6BFBB400026727 /* Project object */;
			proxyType = 1;
			remoteGlobalIDString = 32072DC51F6BFBB400026727;
			remoteInfo = BarometerRead;
		};
/* End PBXContainerItemProxy section */

/* Begin PBXFileReference section */
		32072DC61F6BFBB400026727 /* BarometerRead.app */ = {isa = PBXFileReference; explicitFileType = wrapper.application; includeInIndex = 0; path = BarometerRead.app; sourceTree = BUILT_PRODUCTS_DIR; };
		32072DC91F6BFBB400026727 /* AppDelegate.swift */ = {isa = PBXFileReference; lastKnownFileType = sourcecode.swift; path = AppDelegate.swift; sourceTree = "<group>"; };
		32072DCB1F6BFBB400026727 /* ViewController.swift */ = {isa = PBXFileReference; lastKnownFileType = sourcecode.swift; path = ViewController.swift; sourceTree = "<group>"; };
		32072DCE1F6BFBB500026727 /* Base */ = {isa = PBXFileReference; lastKnownFileType = file.storyboard; name = Base; path = Base.lproj/Main.storyboard; sourceTree = "<group>"; };
		32072DD01F6BFBB500026727 /* Assets.xcassets */ = {isa = PBXFileReference; lastKnownFileType = folder.assetcatalog; path = Assets.xcassets; sourceTree = "<group>"; };
		32072DD31F6BFBB500026727 /* Base */ = {isa = PBXFileReference; lastKnownFileType = file.storyboard; name = Base; path = Base.lproj/LaunchScreen.storyboard; sourceTree = "<group>"; };
		32072DD51F6BFBB500026727 /* Info.plist */ = {isa = PBXFileReference; lastKnownFileType = text.plist.xml; path = Info.plist; sourceTree = "<group>"; };
		32072DDA1F6BFBB500026727 /* BarometerReadTests.xctest */ = {isa = PBXFileReference; explicitFileType = wrapper.cfbundle; includeInIndex = 0; path = BarometerReadTests.xctest; sourceTree = BUILT_PRODUCTS_DIR; };
		32072DDE1F6BFBB500026727 /* BarometerReadTests.swift */ = {isa = PBXFileReference; lastKnownFileType = sourcecode.swift; path = BarometerReadTests.swift; sourceTree = "<group>"; };
		32072DE01F6BFBB500026727 /* Info.plist */ = {isa = PBXFileReference; lastKnownFileType = text.plist.xml; path = Info.plist; sourceTree = "<group>"; };
		32072DE51F6BFBB500026727 /* BarometerReadUITests.xctest */ = {isa = PBXFileReference; explicitFileType = wrapper.cfbundle; includeInIndex = 0; path = BarometerReadUITests.xctest; sourceTree = BUILT_PRODUCTS_DIR; };
		32072DE91F6BFBB500026727 /* BarometerReadUITests.swift */ = {isa = PBXFileReference; lastKnownFileType = sourcecode.swift; path = BarometerReadUITests.swift; sourceTree = "<group>"; };
		32072DEB1F6BFBB500026727 /* Info.plist */ = {isa = PBXFileReference; lastKnownFileType = text.plist.xml; path = Info.plist; sourceTree = "<group>"; };
/* End PBXFileReference section */

/* Begin PBXFrameworksBuildPhase section */
		32072DC31F6BFBB400026727 /* Frameworks */ = {
			isa = PBXFrameworksBuildPhase;
			buildActionMask = 2147483647;
			files = (
			);
			runOnlyForDeploymentPostprocessing = 0;
		};
		32072DD71F6BFBB500026727 /* Frameworks */ = {
			isa = PBXFrameworksBuildPhase;
			buildActionMask = 2147483647;
			files = (
			);
			runOnlyForDeploymentPostprocessing = 0;
		};
		32072DE21F6BFBB500026727 /* Frameworks */ = {
			isa = PBXFrameworksBuildPhase;
			buildActionMask = 2147483647;
			files = (
			);
			runOnlyForDeploymentPostprocessing = 0;
		};
/* End PBXFrameworksBuildPhase section */

/* Begin PBXGroup section */
		32072DBD1F6BFBB400026727 = {
			isa = PBXGroup;
			children = (
				32072DC81F6BFBB400026727 /* BarometerRead */,
				32072DDD1F6BFBB500026727 /* BarometerReadTests */,
				32072DE81F6BFBB500026727 /* BarometerReadUITests */,
				32072DC71F6BFBB400026727 /* Products */,
			);
			sourceTree = "<group>";
		};
		32072DC71F6BFBB400026727 /* Products */ = {
			isa = PBXGroup;
			children = (
				32072DC61F6BFBB400026727 /* BarometerRead.app */,
				32072DDA1F6BFBB500026727 /* BarometerReadTests.xctest */,
				32072DE51F6BFBB500026727 /* BarometerReadUITests.xctest */,
			);
			name = Products;
			sourceTree = "<group>";
		};
		32072DC81F6BFBB400026727 /* BarometerRead */ = {
			isa = PBXGroup;
			children = (
				32072DC91F6BFBB400026727 /* AppDelegate.swift */,
				32072DCB1F6BFBB400026727 /* ViewController.swift */,
				32072DCD1F6BFBB500026727 /* Main.storyboard */,
				32072DD01F6BFBB500026727 /* Assets.xcassets */,
				32072DD21F6BFBB500026727 /* LaunchScreen.storyboard */,
				32072DD51F6BFBB500026727 /* Info.plist */,
			);
			path = BarometerRead;
			sourceTree = "<group>";
		};
		32072DDD1F6BFBB500026727 /* BarometerReadTests */ = {
			isa = PBXGroup;
			children = (
				32072DDE1F6BFBB500026727 /* BarometerReadTests.swift */,
				32072DE01F6BFBB500026727 /* Info.plist */,
			);
			path = BarometerReadTests;
			sourceTree = "<group>";
		};
		32072DE81F6BFBB500026727 /* BarometerReadUITests */ = {
			isa = PBXGroup;
			children = (
				32072DE91F6BFBB500026727 /* BarometerReadUITests.swift */,
				32072DEB1F6BFBB500026727 /* Info.plist */,
			);
			path = BarometerReadUITests;
			sourceTree = "<group>";
		};
/* End PBXGroup section */

/* Begin PBXNativeTarget section */
		32072DC51F6BFBB400026727 /* BarometerRead */ = {
			isa = PBXNativeTarget;
			buildConfigurationList = 32072DEE1F6BFBB500026727 /* Build configuration list for PBXNativeTarget "BarometerRead" */;
			buildPhases = (
				32072DC21F6BFBB400026727 /* Sources */,
				32072DC31F6BFBB400026727 /* Frameworks */,
				32072DC41F6BFBB400026727 /* Resources */,
			);
			buildRules = (
			);
			dependencies = (
			);
			name = BarometerRead;
			productName = BarometerRead;
			productReference = 32072DC61F6BFBB400026727 /* BarometerRead.app */;
			productType = "com.apple.product-type.application";
		};
		32072DD91F6BFBB500026727 /* BarometerReadTests */ = {
			isa = PBXNativeTarget;
			buildConfigurationList = 32072DF11F6BFBB500026727 /* Build configuration list for PBXNativeTarget "BarometerReadTests" */;
			buildPhases = (
				32072DD61F6BFBB500026727 /* Sources */,
				32072DD71F6BFBB500026727 /* Frameworks */,
				32072DD81F6BFBB500026727 /* Resources */,
			);
			buildRules = (
			);
			dependencies = (
				32072DDC1F6BFBB500026727 /* PBXTargetDependency */,
			);
			name = BarometerReadTests;
			productName = BarometerReadTests;
			productReference = 32072DDA1F6BFBB500026727 /* BarometerReadTests.xctest */;
			productType = "com.apple.product-type.bundle.unit-test";
		};
		32072DE41F6BFBB500026727 /* BarometerReadUITests */ = {
			isa = PBXNativeTarget;
			buildConfigurationList = 32072DF41F6BFBB500026727 /* Build configuration list for PBXNativeTarget "BarometerReadUITests" */;
			buildPhases = (
				32072DE11F6BFBB500026727 /* Sources */,
				32072DE21F6BFBB500026727 /* Frameworks */,
				32072DE31F6BFBB500026727 /* Resources */,
			);
			buildRules = (
			);
			dependencies = (
				32072DE71F6BFBB500026727 /* PBXTargetDependency */,
			);
			name = BarometerReadUITests;
			productName = BarometerReadUITests;
			productReference = 32072DE51F6BFBB500026727 /* BarometerReadUITests.xctest */;
			productType = "com.apple.product-type.bundle.ui-testing";
		};
/* End PBXNativeTarget section */

/* Begin PBXProject section */
		32072DBE1F6BFBB400026727 /* Project object */ = {
			isa = PBXProject;
			attributes = {
				LastSwiftUpdateCheck = 0830;
				LastUpgradeCheck = 0830;
				ORGANIZATIONNAME = "KAYHAN TANRISEVEN";
				TargetAttributes = {
					32072DC51F6BFBB400026727 = {
						CreatedOnToolsVersion = 8.3.3;
						ProvisioningStyle = Automatic;
					};
					32072DD91F6BFBB500026727 = {
						CreatedOnToolsVersion = 8.3.3;
						ProvisioningStyle = Automatic;
						TestTargetID = 32072DC51F6BFBB400026727;
					};
					32072DE41F6BFBB500026727 = {
						CreatedOnToolsVersion = 8.3.3;
						ProvisioningStyle = Automatic;
						TestTargetID = 32072DC51F6BFBB400026727;
					};
				};
			};
			buildConfigurationList = 32072DC11F6BFBB400026727 /* Build configuration list for PBXProject "BarometerRead" */;
			compatibilityVersion = "Xcode 3.2";
			developmentRegion = English;
			hasScannedForEncodings = 0;
			knownRegions = (
				en,
				Base,
			);
			mainGroup = 32072DBD1F6BFBB400026727;
			productRefGroup = 32072DC71F6BFBB400026727 /* Products */;
			projectDirPath = "";
			projectRoot = "";
			targets = (
				32072DC51F6BFBB400026727 /* BarometerRead */,
				32072DD91F6BFBB500026727 /* BarometerReadTests */,
				32072DE41F6BFBB500026727 /* BarometerReadUITests */,
			);
		};
/* End PBXProject section */

/* Begin PBXResourcesBuildPhase section */
		32072DC41F6BFBB400026727 /* Resources */ = {
			isa = PBXResourcesBuildPhase;
			buildActionMask = 2147483647;
			files = (
				32072DD41F6BFBB500026727 /* LaunchScreen.storyboard in Resources */,
				32072DD11F6BFBB500026727 /* Assets.xcassets in Resources */,
				32072DCF1F6BFBB500026727 /* Main.storyboard in Resources */,
			);
			runOnlyForDeploymentPostprocessing = 0;
		};
		32072DD81F6BFBB500026727 /* Resources */ = {
			isa = PBXResourcesBuildPhase;
			buildActionMask = 2147483647;
			files = (
			);
			runOnlyForDeploymentPostprocessing = 0;
		};
		32072DE31F6BFBB500026727 /* Resources */ = {
			isa = PBXResourcesBuildPhase;
			buildActionMask = 2147483647;
			files = (
			);
			runOnlyForDeploymentPostprocessing = 0;
		};
/* End PBXResourcesBuildPhase section */

/* Begin PBXSourcesBuildPhase section */
		32072DC21F6BFBB400026727 /* Sources */ = {
			isa = PBXSourcesBuildPhase;
			buildActionMask = 2147483647;
			files = (
				32072DCC1F6BFBB400026727 /* ViewController.swift in Sources */,
				32072DCA1F6BFBB400026727 /* AppDelegate.swift in Sources */,
			);
			runOnlyForDeploymentPostprocessing = 0;
		};
		32072DD61F6BFBB500026727 /* Sources */ = {
			isa = PBXSourcesBuildPhase;
			buildActionMask = 2147483647;
			files = (
				32072DDF1F6BFBB500026727 /* BarometerReadTests.swift in Sources */,
			);
			runOnlyForDeploymentPostprocessing = 0;
		};
		32072DE11F6BFBB500026727 /* Sources */ = {
			isa = PBXSourcesBuildPhase;
			buildActionMask = 2147483647;
			files = (
				32072DEA1F6BFBB500026727 /* BarometerReadUITests.swift in Sources */,
			);
			runOnlyForDeploymentPostprocessing = 0;
		};
/* End PBXSourcesBuildPhase section */

/* Begin PBXTargetDependency section */
		32072DDC1F6BFBB500026727 /* PBXTargetDependency */ = {
			isa = PBXTargetDependency;
			target = 32072DC51F6BFBB400026727 /* BarometerRead */;
			targetProxy = 32072DDB1F6BFBB500026727 /* PBXContainerItemProxy */;
		};
		32072DE71F6BFBB500026727 /* PBXTargetDependency */ = {
			isa = PBXTargetDependency;
			target = 32072DC51F6BFBB400026727 /* BarometerRead */;
			targetProxy = 32072DE61F6BFBB500026727 /* PBXContainerItemProxy */;
		};
/* End PBXTargetDependency section */

/* Begin PBXVariantGroup section */
		32072DCD1F6BFBB500026727 /* Main.storyboard */ = {
			isa = PBXVariantGroup;
			children = (
				32072DCE1F6BFBB500026727 /* Base */,
			);
			name = Main.storyboard;
			sourceTree = "<group>";
		};
		32072DD21F6BFBB500026727 /* LaunchScreen.storyboard */ = {
			isa = PBXVariantGroup;
			children = (
				32072DD31F6BFBB500026727 /* Base */,
			);
			name = LaunchScreen.storyboard;
			sourceTree = "<group>";
		};
/* End PBXVariantGroup section */

/* Begin XCBuildConfiguration section */
		32072DEC1F6BFBB500026727 /* Debug */ = {
			isa = XCBuildConfiguration;
			buildSettings = {
				ALWAYS_SEARCH_USER_PATHS = NO;
				CLANG_ANALYZER_NONNULL = YES;
				CLANG_ANALYZER_NUMBER_OBJECT_CONVERSION = YES_AGGRESSIVE;
				CLANG_CXX_LANGUAGE_STANDARD = "gnu++0x";
				CLANG_CXX_LIBRARY = "libc++";
				CLANG_ENABLE_MODULES = YES;
				CLANG_ENABLE_OBJC_ARC = YES;
				CLANG_WARN_BOOL_CONVERSION = YES;
				CLANG_WARN_CONSTANT_CONVERSION = YES;
				CLANG_WARN_DIRECT_OBJC_ISA_USAGE = YES_ERROR;
				CLANG_WARN_DOCUMENTATION_COMMENTS = YES;
				CLANG_WARN_EMPTY_BODY = YES;
				CLANG_WARN_ENUM_CONVERSION = YES;
				CLANG_WARN_INFINITE_RECURSION = YES;
				CLANG_WARN_INT_CONVERSION = YES;
				CLANG_WARN_OBJC_ROOT_CLASS = YES_ERROR;
				CLANG_WARN_SUSPICIOUS_MOVE = YES;
				CLANG_WARN_UNREACHABLE_CODE = YES;
				CLANG_WARN__DUPLICATE_METHOD_MATCH = YES;
				"CODE_SIGN_IDENTITY[sdk=iphoneos*]" = "iPhone Developer";
				COPY_PHASE_STRIP = NO;
				DEBUG_INFORMATION_FORMAT = dwarf;
				ENABLE_STRICT_OBJC_MSGSEND = YES;
				ENABLE_TESTABILITY = YES;
				GCC_C_LANGUAGE_STANDARD = gnu99;
				GCC_DYNAMIC_NO_PIC = NO;
				GCC_NO_COMMON_BLOCKS = YES;
				GCC_OPTIMIZATION_LEVEL = 0;
				GCC_PREPROCESSOR_DEFINITIONS = (
					"DEBUG=1",
					"$(inherited)",
				);
				GCC_WARN_64_TO_32_BIT_CONVERSION = YES;
				GCC_WARN_ABOUT_RETURN_TYPE = YES_ERROR;
				GCC_WARN_UNDECLARED_SELECTOR = YES;
				GCC_WARN_UNINITIALIZED_AUTOS = YES_AGGRESSIVE;
				GCC_WARN_UNUSED_FUNCTION = YES;
				GCC_WARN_UNUSED_VARIABLE = YES;
				IPHONEOS_DEPLOYMENT_TARGET = 10.3;
				MTL_ENABLE_DEBUG_INFO = YES;
				ONLY_ACTIVE_ARCH = YES;
				SDKROOT = iphoneos;
				SWIFT_ACTIVE_COMPILATION_CONDITIONS = DEBUG;
				SWIFT_OPTIMIZATION_LEVEL = "-Onone";
			};
			name = Debug;
		};
		32072DED1F6BFBB500026727 /* Release */ = {
			isa = XCBuildConfiguration;
			buildSettings = {
				ALWAYS_SEARCH_USER_PATHS = NO;
				CLANG_ANALYZER_NONNULL = YES;
				CLANG_ANALYZER_NUMBER_OBJECT_CONVERSION = YES_AGGRESSIVE;
				CLANG_CXX_LANGUAGE_STANDARD = "gnu++0x";
				CLANG_CXX_LIBRARY = "libc++";
				CLANG_ENABLE_MODULES = YES;
				CLANG_ENABLE_OBJC_ARC = YES;
				CLANG_WARN_BOOL_CONVERSION = YES;
				CLANG_WARN_CONSTANT_CONVERSION = YES;
				CLANG_WARN_DIRECT_OBJC_ISA_USAGE = YES_ERROR;
				CLANG_WARN_DOCUMENTATION_COMMENTS = YES;
				CLANG_WARN_EMPTY_BODY = YES;
				CLANG_WARN_ENUM_CONVERSION = YES;
				CLANG_WARN_INFINITE_RECURSION = YES;
				CLANG_WARN_INT_CONVERSION = YES;
				CLANG_WARN_OBJC_ROOT_CLASS = YES_ERROR;
				CLANG_WARN_SUSPICIOUS_MOVE = YES;
				CLANG_WARN_UNREACHABLE_CODE = YES;
				CLANG_WARN__DUPLICATE_METHOD_MATCH = YES;
				"CODE_SIGN_IDENTITY[sdk=iphoneos*]" = "iPhone Developer";
				COPY_PHASE_STRIP = NO;
				DEBUG_INFORMATION_FORMAT = "dwarf-with-dsym";
				ENABLE_NS_ASSERTIONS = NO;
				ENABLE_STRICT_OBJC_MSGSEND = YES;
				GCC_C_LANGUAGE_STANDARD = gnu99;
				GCC_NO_COMMON_BLOCKS = YES;
				GCC_WARN_64_TO_32_BIT_CONVERSION = YES;
				GCC_WARN_ABOUT_RETURN_TYPE = YES_ERROR;
				GCC_WARN_UNDECLARED_SELECTOR = YES;
				GCC_WARN_UNINITIALIZED_AUTOS = YES_AGGRESSIVE;
				GCC_WARN_UNUSED_FUNCTION = YES;
				GCC_WARN_UNUSED_VARIABLE = YES;
				IPHONEOS_DEPLOYMENT_TARGET = 10.3;
				MTL_ENABLE_DEBUG_INFO = NO;
				SDKROOT = iphoneos;
				SWIFT_OPTIMIZATION_LEVEL = "-Owholemodule";
				VALIDATE_PRODUCT = YES;
			};
			name = Release;
		};
		32072DEF1F6BFBB500026727 /* Debug */ = {
			isa = XCBuildConfiguration;
			buildSettings = {
				ASSETCATALOG_COMPILER_APPICON_NAME = AppIcon;
				INFOPLIST_FILE = BarometerRead/Info.plist;
				LD_RUNPATH_SEARCH_PATHS = "$(inherited) @executable_path/Frameworks";
				PRODUCT_BUNDLE_IDENTIFIER = kayhan.BarometerRead;
				PRODUCT_NAME = "$(TARGET_NAME)";
				SWIFT_VERSION = 3.0;
			};
			name = Debug;
		};
		32072DF01F6BFBB500026727 /* Release */ = {
			isa = XCBuildConfiguration;
			buildSettings = {
				ASSETCATALOG_COMPILER_APPICON_NAME = AppIcon;
				INFOPLIST_FILE = BarometerRead/Info.plist;
				LD_RUNPATH_SEARCH_PATHS = "$(inherited) @executable_path/Frameworks";
				PRODUCT_BUNDLE_IDENTIFIER = kayhan.BarometerRead;
				PRODUCT_NAME = "$(TARGET_NAME)";
				SWIFT_VERSION = 3.0;
			};
			name = Release;
		};
		32072DF21F6BFBB500026727 /* Debug */ = {
			isa = XCBuildConfiguration;
			buildSettings = {
				ALWAYS_EMBED_SWIFT_STANDARD_LIBRARIES = YES;
				BUNDLE_LOADER = "$(TEST_HOST)";
				INFOPLIST_FILE = BarometerReadTests/Info.plist;
				LD_RUNPATH_SEARCH_PATHS = "$(inherited) @executable_path/Frameworks @loader_path/Frameworks";
				PRODUCT_BUNDLE_IDENTIFIER = kayhan.BarometerReadTests;
				PRODUCT_NAME = "$(TARGET_NAME)";
				SWIFT_VERSION = 3.0;
				TEST_HOST = "$(BUILT_PRODUCTS_DIR)/BarometerRead.app/BarometerRead";
			};
			name = Debug;
		};
		32072DF31F6BFBB500026727 /* Release */ = {
			isa = XCBuildConfiguration;
			buildSettings = {
				ALWAYS_EMBED_SWIFT_STANDARD_LIBRARIES = YES;
				BUNDLE_LOADER = "$(TEST_HOST)";
				INFOPLIST_FILE = BarometerReadTests/Info.plist;
				LD_RUNPATH_SEARCH_PATHS = "$(inherited) @executable_path/Frameworks @loader_path/Frameworks";
				PRODUCT_BUNDLE_IDENTIFIER = kayhan.BarometerReadTests;
				PRODUCT_NAME = "$(TARGET_NAME)";
				SWIFT_VERSION = 3.0;
				TEST_HOST = "$(BUILT_PRODUCTS_DIR)/BarometerRead.app/BarometerRead";
			};
			name = Release;
		};
		32072DF51F6BFBB500026727 /* Debug */ = {
			isa = XCBuildConfiguration;
			buildSettings = {
				ALWAYS_EMBED_SWIFT_STANDARD_LIBRARIES = YES;
				INFOPLIST_FILE = BarometerReadUITests/Info.plist;
				LD_RUNPATH_SEARCH_PATHS = "$(inherited) @executable_path/Frameworks @loader_path/Frameworks";
				PRODUCT_BUNDLE_IDENTIFIER = kayhan.BarometerReadUITests;
				PRODUCT_NAME = "$(TARGET_NAME)";
				SWIFT_VERSION = 3.0;
				TEST_TARGET_NAME = BarometerRead;
			};
			name = Debug;
		};
		32072DF61F6BFBB500026727 /* Release */ = {
			isa = XCBuildConfiguration;
			buildSettings = {
				ALWAYS_EMBED_SWIFT_STANDARD_LIBRARIES = YES;
				INFOPLIST_FILE = BarometerReadUITests/Info.plist;
				LD_RUNPATH_SEARCH_PATHS = "$(inherited) @executable_path/Frameworks @loader_path/Frameworks";
				PRODUCT_BUNDLE_IDENTIFIER = kayhan.BarometerReadUITests;
				PRODUCT_NAME = "$(TARGET_NAME)";
				SWIFT_VERSION = 3.0;
				TEST_TARGET_NAME = BarometerRead;
			};
			name = Release;
		};
/* End XCBuildConfiguration section */

/* Begin XCConfigurationList section */
		32072DC11F6BFBB400026727 /* Build configuration list for PBXProject "BarometerRead" */ = {
			isa = XCConfigurationList;
			buildConfigurations = (
				32072DEC1F6BFBB500026727 /* Debug */,
				32072DED1F6BFBB500026727 /* Release */,
			);
			defaultConfigurationIsVisible = 0;
			defaultConfigurationName = Release;
		};
		32072DEE1F6BFBB500026727 /* Build configuration list for PBXNativeTarget "BarometerRead" */ = {
			isa = XCConfigurationList;
			buildConfigurations = (
				32072DEF1F6BFBB500026727 /* Debug */,
				32072DF01F6BFBB500026727 /* Release */,
			);
			defaultConfigurationIsVisible = 0;
		};
		32072DF11F6BFBB500026727 /* Build configuration list for PBXNativeTarget "BarometerReadTests" */ = {
			isa = XCConfigurationList;
			buildConfigurations = (
				32072DF21F6BFBB500026727 /* Debug */,
				32072DF31F6BFBB500026727 /* Release */,
			);
			defaultConfigurationIsVisible = 0;
		};
		32072DF41F6BFBB500026727 /* Build configuration list for PBXNativeTarget "BarometerReadUITests" */ = {
			isa = XCConfigurationList;
			buildConfigurations = (
				32072DF51F6BFBB500026727 /* Debug */,
				32072DF61F6BFBB500026727 /* Release */,
			);
			defaultConfigurationIsVisible = 0;
		};
/* End XCConfigurationList section */
	};
	rootObject = 32072DBE1F6BFBB400026727 /* Project object */;
}
